<?xml version="1.0" encoding="utf-8"?>
<Project ToolsVersion="4.0" xmlns="http://schemas.microsoft.com/developer/msbuild/2003">
  <ItemGroup>
    <Filter Include="ソース ファイル">
      <UniqueIdentifier>{4FC737F1-C7A5-4376-A066-2A32D752A2FF}</UniqueIdentifier>
      <Extensions>cpp;c;cc;cxx;def;odl;idl;hpj;bat;asm;asmx</Extensions>
    </Filter>
    <Filter Include="ヘッダー ファイル">
      <UniqueIdentifier>{93995380-89BD-4b04-88EB-625FBE52EBFB}</UniqueIdentifier>
      <Extensions>h;hh;hpp;hxx;hm;inl;inc;xsd</Extensions>
    </Filter>
    <Filter Include="リソース ファイル">
      <UniqueIdentifier>{67DA6AB6-F800-4c08-8B7A-83BB121AAD01}</UniqueIdentifier>
      <Extensions>rc;ico;cur;bmp;dlg;rc2;rct;bin;rgs;gif;jpg;jpeg;jpe;resx;tiff;tif;png;wav;mfcribbon-ms</Extensions>
    </Filter>
    <Filter Include="ソース ファイル\Node">
      <UniqueIdentifier>{b51ad4f1-29a4-4d8f-b73c-4ad13aa390f8}</UniqueIdentifier>
    </Filter>
    <Filter Include="ヘッダー ファイル\Node">
      <UniqueIdentifier>{bc25f3b4-c563-4496-ba13-2cfbaa7e8a71}</UniqueIdentifier>
    </Filter>
    <Filter Include="ヘッダー ファイル\Utility">
      <UniqueIdentifier>{0d04420d-7850-493a-a575-d810ae99ffd3}</UniqueIdentifier>
    </Filter>
    <Filter Include="ソース ファイル\Utility">
      <UniqueIdentifier>{a8283ccf-5cc9-48ad-bdd0-93133e64456f}</UniqueIdentifier>
    </Filter>
    <Filter Include="ヘッダー ファイル\Define">
      <UniqueIdentifier>{f7f45691-7a29-4372-a5d3-8efcd6bab0f8}</UniqueIdentifier>
    </Filter>
    <Filter Include="ソース ファイル\Parser">
      <UniqueIdentifier>{c098edf1-c46e-42e2-a28c-2f7d4dd8bdb9}</UniqueIdentifier>
    </Filter>
    <Filter Include="ヘッダー ファイル\Parser">
      <UniqueIdentifier>{5f5d34f8-5615-4c86-87ed-a53a800d0966}</UniqueIdentifier>
    </Filter>
    <Filter Include="ソース ファイル\Resources">
      <UniqueIdentifier>{497878de-220c-46bb-9b93-fe7d84b7013d}</UniqueIdentifier>
    </Filter>
    <Filter Include="ヘッダー ファイル\Resources">
      <UniqueIdentifier>{caf64bf6-4b97-4591-8f40-d7c7488032ac}</UniqueIdentifier>
    </Filter>
    <Filter Include="ヘッダー ファイル\Resources\TextureMgr">
      <UniqueIdentifier>{09442c49-f79a-48fe-8a51-765ee9ea6400}</UniqueIdentifier>
    </Filter>
    <Filter Include="ソース ファイル\Resources\TextureMgr">
      <UniqueIdentifier>{b51694f3-07c3-43ab-b9b8-97017d519c4b}</UniqueIdentifier>
    </Filter>
    <Filter Include="ヘッダー ファイル\ID">
      <UniqueIdentifier>{ad141abf-17e6-4a7a-afd1-b4d3a04885f7}</UniqueIdentifier>
    </Filter>
    <Filter Include="ヘッダー ファイル\Resources\Shader">
      <UniqueIdentifier>{2fc7da37-3da6-479f-a776-b3fa84252890}</UniqueIdentifier>
    </Filter>
    <Filter Include="ソース ファイル\Resources\Shader">
      <UniqueIdentifier>{677e5e65-56d3-46ce-af05-fbe5f847643b}</UniqueIdentifier>
    </Filter>
    <Filter Include="ソース ファイル\Resources\XMLMgr">
      <UniqueIdentifier>{8ff38faf-46b4-4f54-b1d2-5a871e8f40b0}</UniqueIdentifier>
    </Filter>
    <Filter Include="ヘッダー ファイル\Resources\XMLMgr">
      <UniqueIdentifier>{e881fa0f-5683-4d36-a0bb-7ac3c5004b13}</UniqueIdentifier>
    </Filter>
    <Filter Include="ソース ファイル\Utility\DirectUtility">
      <UniqueIdentifier>{a542105c-6290-4cb2-8f00-f08605106245}</UniqueIdentifier>
    </Filter>
    <Filter Include="ヘッダー ファイル\Utility\DirectUtility">
      <UniqueIdentifier>{619d41ea-67a8-488a-9014-539fcb057813}</UniqueIdentifier>
    </Filter>
    <Filter Include="ソース ファイル\Application">
      <UniqueIdentifier>{6f2afcdc-3335-4dde-8074-b9397ffb1549}</UniqueIdentifier>
    </Filter>
    <Filter Include="ヘッダー ファイル\Application">
      <UniqueIdentifier>{2c4b5cbc-9e34-4a4d-bb9d-026aa2458819}</UniqueIdentifier>
    </Filter>
    <Filter Include="ヘッダー ファイル\Interface">
      <UniqueIdentifier>{2054f99e-4660-452f-bb2e-e7f4fccdc3b2}</UniqueIdentifier>
    </Filter>
    <Filter Include="ソース ファイル\Geometry">
      <UniqueIdentifier>{00411699-1e22-4c0f-98b0-fe5cc1da6fad}</UniqueIdentifier>
    </Filter>
    <Filter Include="ヘッダー ファイル\Geometry">
      <UniqueIdentifier>{dce56533-d7b9-4642-a76c-f1e7c82b8e7b}</UniqueIdentifier>
    </Filter>
    <Filter Include="ヘッダー ファイル\Resources\SoundMgr">
      <UniqueIdentifier>{65ce8cd0-9105-4c14-8d25-a045a2eb6b9c}</UniqueIdentifier>
    </Filter>
    <Filter Include="ソース ファイル\Resources\SoundMgr">
      <UniqueIdentifier>{b2c3a3f2-bbd5-4892-b82f-c8e16d118531}</UniqueIdentifier>
    </Filter>
  </ItemGroup>
  <ItemGroup>
    <ClCompile Include="main.cpp">
      <Filter>ソース ファイル</Filter>
    </ClCompile>
    <ClCompile Include="NodeMgr.cpp">
      <Filter>ソース ファイル\Node</Filter>
    </ClCompile>
    <ClCompile Include="Node.cpp">
      <Filter>ソース ファイル\Node</Filter>
    </ClCompile>
    <ClCompile Include="Utility\Color4.cpp">
      <Filter>ソース ファイル\Utility</Filter>
    </ClCompile>
    <ClCompile Include="Utility\Matrix4x4.cpp">
      <Filter>ソース ファイル\Utility</Filter>
    </ClCompile>
    <ClCompile Include="Utility\Quaternion.cpp">
      <Filter>ソース ファイル\Utility</Filter>
    </ClCompile>
    <ClCompile Include="Utility\Vector2.cpp">
      <Filter>ソース ファイル\Utility</Filter>
    </ClCompile>
    <ClCompile Include="Utility\Vector3.cpp">
      <Filter>ソース ファイル\Utility</Filter>
    </ClCompile>
    <ClCompile Include="Utility\Vector4.cpp">
      <Filter>ソース ファイル\Utility</Filter>
    </ClCompile>
    <ClCompile Include="Utility\Color3.cpp">
      <Filter>ソース ファイル\Utility</Filter>
    </ClCompile>
    <ClCompile Include="Utility\Material.cpp">
      <Filter>ソース ファイル\Utility</Filter>
    </ClCompile>
    <ClCompile Include="Parser\KXML.cpp">
      <Filter>ソース ファイル\Parser</Filter>
    </ClCompile>
    <ClCompile Include="Parser\KParser.cpp">
      <Filter>ソース ファイル\Parser</Filter>
    </ClCompile>
    <ClCompile Include="Utility\KLog.cpp">
      <Filter>ソース ファイル\Utility</Filter>
    </ClCompile>
    <ClCompile Include="Resources\TextureMgr.cpp">
      <Filter>ソース ファイル\Resources\TextureMgr</Filter>
    </ClCompile>
    <ClCompile Include="Resources\ResourcesMgr.cpp">
      <Filter>ソース ファイル\Resources</Filter>
    </ClCompile>
    <ClCompile Include="Resources\PSMgr.cpp">
      <Filter>ソース ファイル\Resources\Shader</Filter>
    </ClCompile>
    <ClCompile Include="Resources\VSMgr.cpp">
      <Filter>ソース ファイル\Resources\Shader</Filter>
    </ClCompile>
    <ClCompile Include="Resources\ShaderMgr.cpp">
      <Filter>ソース ファイル\Resources\Shader</Filter>
    </ClCompile>
    <ClCompile Include="Resources\XMLMgr.cpp">
      <Filter>ソース ファイル\Resources\XMLMgr</Filter>
    </ClCompile>
    <ClCompile Include="Utility\DirectUtility\DVector2.cpp">
      <Filter>ソース ファイル\Utility\DirectUtility</Filter>
    </ClCompile>
    <ClCompile Include="Utility\DirectUtility\DVector3.cpp">
      <Filter>ソース ファイル\Utility\DirectUtility</Filter>
    </ClCompile>
    <ClCompile Include="Utility\DirectUtility\DVector4.cpp">
      <Filter>ソース ファイル\Utility\DirectUtility</Filter>
    </ClCompile>
    <ClCompile Include="Utility\DirectUtility\DQuaternion.cpp">
      <Filter>ソース ファイル\Utility\DirectUtility</Filter>
    </ClCompile>
    <ClCompile Include="Utility\DirectUtility\DMaterial.cpp">
      <Filter>ソース ファイル\Utility\DirectUtility</Filter>
    </ClCompile>
    <ClCompile Include="Utility\DirectUtility\DColor4.cpp">
      <Filter>ソース ファイル\Utility\DirectUtility</Filter>
    </ClCompile>
    <ClCompile Include="Utility\DirectUtility\DMatrix.cpp">
      <Filter>ソース ファイル\Utility\DirectUtility</Filter>
    </ClCompile>
    <ClCompile Include="Bone.cpp">
      <Filter>ソース ファイル\Node</Filter>
    </ClCompile>
    <ClCompile Include="Mesh.cpp">
      <Filter>ソース ファイル\Node</Filter>
    </ClCompile>
    <ClCompile Include="RigidMesh.cpp">
      <Filter>ソース ファイル\Node</Filter>
    </ClCompile>
    <ClCompile Include="SkinnedMesh.cpp">
      <Filter>ソース ファイル\Node</Filter>
    </ClCompile>
    <ClCompile Include="SSkinnedMesh.cpp">
      <Filter>ソース ファイル\Node</Filter>
    </ClCompile>
    <ClCompile Include="Utility\DirectUtility\DTrack.cpp">
      <Filter>ソース ファイル\Utility\DirectUtility</Filter>
    </ClCompile>
    <ClCompile Include="Application.cpp">
      <Filter>ソース ファイル\Application</Filter>
    </ClCompile>
    <ClCompile Include="GameApplication.cpp">
      <Filter>ソース ファイル\Application</Filter>
    </ClCompile>
    <ClCompile Include="Utility\DirectUtility\DCamera.cpp">
      <Filter>ソース ファイル\Utility\DirectUtility</Filter>
    </ClCompile>
    <ClCompile Include="Utility\DirectUtility\DLightMgr.cpp">
      <Filter>ソース ファイル\Utility\DirectUtility</Filter>
    </ClCompile>
    <ClCompile Include="Utility\DirectUtility\DLight.cpp">
      <Filter>ソース ファイル\Utility\DirectUtility</Filter>
    </ClCompile>
    <ClCompile Include="Resources\FXMgr.cpp">
      <Filter>ソース ファイル\Resources\Shader</Filter>
    </ClCompile>
    <ClCompile Include="Utility\DirectUtility\DPlane.cpp">
      <Filter>ソース ファイル\Utility\DirectUtility</Filter>
    </ClCompile>
    <ClCompile Include="Utility\Plane.cpp">
      <Filter>ソース ファイル\Utility</Filter>
    </ClCompile>
    <ClCompile Include="Utility\Frustum.cpp">
      <Filter>ソース ファイル\Utility</Filter>
    </ClCompile>
    <ClCompile Include="Geometry\QuadTree.cpp">
      <Filter>ソース ファイル\Geometry</Filter>
    </ClCompile>
    <ClCompile Include="Utility\Rect.cpp">
      <Filter>ソース ファイル\Utility</Filter>
    </ClCompile>
    <ClCompile Include="Utility\DirectUtility\DTerrain.cpp">
      <Filter>ソース ファイル\Utility\DirectUtility</Filter>
    </ClCompile>
    <ClCompile Include="Utility\DirectUtility\Dib.cpp">
      <Filter>ソース ファイル\Utility\DirectUtility</Filter>
    </ClCompile>
    <ClCompile Include="Utility\DirectUtility\DKeyboardBuffer.cpp">
      <Filter>ソース ファイル\Utility\DirectUtility</Filter>
    </ClCompile>
    <ClCompile Include="Utility\DirectUtility\DMouseBuffer.cpp">
      <Filter>ソース ファイル\Utility\DirectUtility</Filter>
    </ClCompile>
    <ClCompile Include="Utility\DirectUtility\DInput.cpp">
      <Filter>ソース ファイル\Utility\DirectUtility</Filter>
    </ClCompile>
    <ClCompile Include="Utility\DirectUtility\DSound.cpp">
      <Filter>ソース ファイル\Utility\DirectUtility</Filter>
    </ClCompile>
    <ClCompile Include="Resources\SoundMgr.cpp">
      <Filter>ソース ファイル\Resources\SoundMgr</Filter>
    </ClCompile>
    <ClCompile Include="Utility\DirectUtility\DJoystick.cpp">
      <Filter>ソース ファイル\Utility\DirectUtility</Filter>
    </ClCompile>
    <ClCompile Include="Utility\BoxCollider.cpp">
      <Filter>ソース ファイル\Utility</Filter>
    </ClCompile>
    <ClCompile Include="Utility\Collider.cpp">
      <Filter>ソース ファイル\Utility</Filter>
    </ClCompile>
    <ClCompile Include="Utility\SphereCollider.cpp">
      <Filter>ソース ファイル\Utility</Filter>
    </ClCompile>
  </ItemGroup>
  <ItemGroup>
    <ClInclude Include="NodeMgr.h">
      <Filter>ヘッダー ファイル\Node</Filter>
    </ClInclude>
    <ClInclude Include="Node.h">
      <Filter>ヘッダー ファイル\Node</Filter>
    </ClInclude>
    <ClInclude Include="Utility\Color4.h">
      <Filter>ヘッダー ファイル\Utility</Filter>
    </ClInclude>
    <ClInclude Include="Utility\Matrix4x4.h">
      <Filter>ヘッダー ファイル\Utility</Filter>
    </ClInclude>
    <ClInclude Include="Utility\Quaternion.h">
      <Filter>ヘッダー ファイル\Utility</Filter>
    </ClInclude>
    <ClInclude Include="Utility\Vector2.h">
      <Filter>ヘッダー ファイル\Utility</Filter>
    </ClInclude>
    <ClInclude Include="Utility\Vector3.h">
      <Filter>ヘッダー ファイル\Utility</Filter>
    </ClInclude>
    <ClInclude Include="Utility\Vector4.h">
      <Filter>ヘッダー ファイル\Utility</Filter>
    </ClInclude>
    <ClInclude Include="Utility\Color3.h">
      <Filter>ヘッダー ファイル\Utility</Filter>
    </ClInclude>
    <ClInclude Include="Utility\Material.h">
      <Filter>ヘッダー ファイル\Utility</Filter>
    </ClInclude>
    <ClInclude Include="Define.h">
      <Filter>ヘッダー ファイル\Define</Filter>
    </ClInclude>
    <ClInclude Include="DirectDefine.h">
      <Filter>ヘッダー ファイル\Define</Filter>
    </ClInclude>
    <ClInclude Include="Parser\KXML.h">
      <Filter>ヘッダー ファイル\Parser</Filter>
    </ClInclude>
    <ClInclude Include="Parser\KParsedData.h">
      <Filter>ヘッダー ファイル\Parser</Filter>
    </ClInclude>
    <ClInclude Include="Parser\KParsedMesh.h">
      <Filter>ヘッダー ファイル\Parser</Filter>
    </ClInclude>
    <ClInclude Include="Parser\KParser.h">
      <Filter>ヘッダー ファイル\Parser</Filter>
    </ClInclude>
    <ClInclude Include="Utility\KLog.h">
      <Filter>ヘッダー ファイル\Utility</Filter>
    </ClInclude>
    <ClInclude Include="Utility\CodeProjectSingleton.h">
      <Filter>ヘッダー ファイル\Utility</Filter>
    </ClInclude>
    <ClInclude Include="Utility\GPGSingleton.h">
      <Filter>ヘッダー ファイル\Utility</Filter>
    </ClInclude>
    <ClInclude Include="Resources\TextureMgr.h">
      <Filter>ヘッダー ファイル\Resources\TextureMgr</Filter>
    </ClInclude>
    <ClInclude Include="ID\TextureID.h">
      <Filter>ヘッダー ファイル\ID</Filter>
    </ClInclude>
    <ClInclude Include="Resources\ResourcesMgr.h">
      <Filter>ヘッダー ファイル\Resources</Filter>
    </ClInclude>
    <ClInclude Include="Resources\PSMgr.h">
      <Filter>ヘッダー ファイル\Resources\Shader</Filter>
    </ClInclude>
    <ClInclude Include="Resources\VSMgr.h">
      <Filter>ヘッダー ファイル\Resources\Shader</Filter>
    </ClInclude>
    <ClInclude Include="Resources\ShaderMgr.h">
      <Filter>ヘッダー ファイル\Resources\Shader</Filter>
    </ClInclude>
    <ClInclude Include="ID\XMLID.h">
      <Filter>ヘッダー ファイル\ID</Filter>
    </ClInclude>
    <ClInclude Include="Resources\XMLMgr.h">
      <Filter>ヘッダー ファイル\Resources\XMLMgr</Filter>
    </ClInclude>
    <ClInclude Include="Utility\DirectUtility\DVector2.h">
      <Filter>ヘッダー ファイル\Utility\DirectUtility</Filter>
    </ClInclude>
    <ClInclude Include="Utility\DirectUtility\DVector3.h">
      <Filter>ヘッダー ファイル\Utility\DirectUtility</Filter>
    </ClInclude>
    <ClInclude Include="Utility\DirectUtility\DVector4.h">
      <Filter>ヘッダー ファイル\Utility\DirectUtility</Filter>
    </ClInclude>
    <ClInclude Include="Utility\DirectUtility\DQuaternion.h">
      <Filter>ヘッダー ファイル\Utility\DirectUtility</Filter>
    </ClInclude>
    <ClInclude Include="Utility\DirectUtility\DMaterial.h">
      <Filter>ヘッダー ファイル\Utility\DirectUtility</Filter>
    </ClInclude>
    <ClInclude Include="Utility\DirectUtility\DColor4.h">
      <Filter>ヘッダー ファイル\Utility\DirectUtility</Filter>
    </ClInclude>
    <ClInclude Include="Utility\DirectUtility\DMatrix.h">
      <Filter>ヘッダー ファイル\Utility\DirectUtility</Filter>
    </ClInclude>
    <ClInclude Include="Bone.h">
      <Filter>ヘッダー ファイル\Node</Filter>
    </ClInclude>
    <ClInclude Include="Mesh.h">
      <Filter>ヘッダー ファイル\Node</Filter>
    </ClInclude>
    <ClInclude Include="RigidMesh.h">
      <Filter>ヘッダー ファイル\Node</Filter>
    </ClInclude>
    <ClInclude Include="SkinnedMesh.h">
      <Filter>ヘッダー ファイル\Node</Filter>
    </ClInclude>
    <ClInclude Include="SSkinnedMesh.h">
      <Filter>ヘッダー ファイル\Node</Filter>
    </ClInclude>
    <ClInclude Include="Utility\DirectUtility\DTrack.h">
      <Filter>ヘッダー ファイル\Utility\DirectUtility</Filter>
    </ClInclude>
    <ClInclude Include="GameApplication.h">
      <Filter>ヘッダー ファイル\Application</Filter>
    </ClInclude>
    <ClInclude Include="Application.h">
      <Filter>ヘッダー ファイル\Application</Filter>
    </ClInclude>
    <ClInclude Include="Interface\ICamera.h">
      <Filter>ヘッダー ファイル\Interface</Filter>
    </ClInclude>
    <ClInclude Include="Utility\DirectUtility\DCamera.h">
      <Filter>ヘッダー ファイル\Utility\DirectUtility</Filter>
    </ClInclude>
    <ClInclude Include="Interface\ILightMgr.h">
      <Filter>ヘッダー ファイル\Interface</Filter>
    </ClInclude>
    <ClInclude Include="Utility\DirectUtility\DLightMgr.h">
      <Filter>ヘッダー ファイル\Utility\DirectUtility</Filter>
    </ClInclude>
    <ClInclude Include="Interface\ILight.h">
      <Filter>ヘッダー ファイル\Interface</Filter>
    </ClInclude>
    <ClInclude Include="Utility\DirectUtility\DLight.h">
      <Filter>ヘッダー ファイル\Utility\DirectUtility</Filter>
    </ClInclude>
    <ClInclude Include="Resources\FXMgr.h">
      <Filter>ヘッダー ファイル\Resources\Shader</Filter>
    </ClInclude>
    <ClInclude Include="ID\FXID.h">
      <Filter>ヘッダー ファイル\ID</Filter>
    </ClInclude>
    <ClInclude Include="ID\PSID.h">
      <Filter>ヘッダー ファイル\ID</Filter>
    </ClInclude>
    <ClInclude Include="ID\VSID.h">
      <Filter>ヘッダー ファイル\ID</Filter>
    </ClInclude>
    <ClInclude Include="Interface\IResourcesMgr.h">
      <Filter>ヘッダー ファイル\Interface</Filter>
    </ClInclude>
    <ClInclude Include="Utility\DirectUtility\DPlane.h">
      <Filter>ヘッダー ファイル\Utility\DirectUtility</Filter>
    </ClInclude>
    <ClInclude Include="Utility\Plane.h">
      <Filter>ヘッダー ファイル\Utility</Filter>
    </ClInclude>
    <ClInclude Include="Interface\IFrustum.h">
      <Filter>ヘッダー ファイル\Interface</Filter>
    </ClInclude>
    <ClInclude Include="Utility\Frustum.h">
      <Filter>ヘッダー ファイル\Utility</Filter>
    </ClInclude>
    <ClInclude Include="Geometry\QuadTree.h">
      <Filter>ヘッダー ファイル\Geometry</Filter>
    </ClInclude>
    <ClInclude Include="Utility\Rect.h">
      <Filter>ヘッダー ファイル\Utility</Filter>
    </ClInclude>
    <ClInclude Include="Interface\ITerrain.h">
      <Filter>ヘッダー ファイル\Interface</Filter>
    </ClInclude>
    <ClInclude Include="Utility\DirectUtility\DTerrain.h">
      <Filter>ヘッダー ファイル\Utility\DirectUtility</Filter>
    </ClInclude>
    <ClInclude Include="Utility\DirectUtility\Dib.h">
      <Filter>ヘッダー ファイル\Utility\DirectUtility</Filter>
    </ClInclude>
    <ClInclude Include="Utility\DirectUtility\DKeyCode.h">
      <Filter>ヘッダー ファイル\Utility\DirectUtility</Filter>
    </ClInclude>
    <ClInclude Include="Utility\DirectUtility\DKeyboardBuffer.h">
      <Filter>ヘッダー ファイル\Utility\DirectUtility</Filter>
    </ClInclude>
    <ClInclude Include="Utility\DirectUtility\DMouseBuffer.h">
      <Filter>ヘッダー ファイル\Utility\DirectUtility</Filter>
    </ClInclude>
    <ClInclude Include="Interface\IInput.h">
      <Filter>ヘッダー ファイル\Interface</Filter>
    </ClInclude>
    <ClInclude Include="Utility\DirectUtility\DInput.h">
      <Filter>ヘッダー ファイル\Utility\DirectUtility</Filter>
    </ClInclude>
    <ClInclude Include="ID\SoundID.h">
      <Filter>ヘッダー ファイル\ID</Filter>
    </ClInclude>
    <ClInclude Include="Utility\DirectUtility\DSound.h">
      <Filter>ヘッダー ファイル\Utility\DirectUtility</Filter>
    </ClInclude>
    <ClInclude Include="Interface\ISoundMgr.h">
      <Filter>ヘッダー ファイル\Interface</Filter>
    </ClInclude>
    <ClInclude Include="Resources\SoundMgr.h">
      <Filter>ヘッダー ファイル\Resources\SoundMgr</Filter>
    </ClInclude>
    <ClInclude Include="Interface\ISound.h">
      <Filter>ヘッダー ファイル\Interface</Filter>
    </ClInclude>
    <ClInclude Include="Interface\IXMLMgr.h">
      <Filter>ヘッダー ファイル\Interface</Filter>
    </ClInclude>
    <ClInclude Include="Interface\INodeMgr.h">
      <Filter>ヘッダー ファイル\Interface</Filter>
    </ClInclude>
    <ClInclude Include="Interface\IShaderMgr.h">
      <Filter>ヘッダー ファイル\Interface</Filter>
    </ClInclude>
    <ClInclude Include="Utility\DirectUtility\DJoystick.h">
      <Filter>ヘッダー ファイル\Utility\DirectUtility</Filter>
    </ClInclude>
    <ClInclude Include="Interface\ICollider.h">
      <Filter>ヘッダー ファイル\Interface</Filter>
    </ClInclude>
    <ClInclude Include="Utility\BoxCollider.h">
      <Filter>ヘッダー ファイル\Utility</Filter>
    </ClInclude>
    <ClInclude Include="Utility\Collider.h">
      <Filter>ヘッダー ファイル\Utility</Filter>
    </ClInclude>
    <ClInclude Include="Utility\SphereCollider.h">
      <Filter>ヘッダー ファイル\Utility</Filter>
    </ClInclude>
  </ItemGroup>
  <ItemGroup>
    <FxCompile Include="testps.fx">
      <Filter>リソース ファイル</Filter>
    </FxCompile>
    <FxCompile Include="testshader.fx">
      <Filter>リソース ファイル</Filter>
    </FxCompile>
    <FxCompile Include="testTerrainps.fx">
      <Filter>リソース ファイル</Filter>
    </FxCompile>
    <FxCompile Include="testTerrainvs.fx">
      <Filter>リソース ファイル</Filter>
    </FxCompile>
    <FxCompile Include="testvs.fx">
      <Filter>リソース ファイル</Filter>
    </FxCompile>
  </ItemGroup>
</Project>